
Microsoft Visual Studio Solution File, Format Version 11.00
# Visual Studio 2010
Project("{FAE04EC0-301F-11D3-BF4B-00C04F79EFBC}") = "Assembly-CSharp", "Assembly-CSharp.csproj", "{5742f7d0-b2f6-eadc-fc51-aa11c694d4b0}"
EndProject
Project("{FAE04EC0-301F-11D3-BF4B-00C04F79EFBC}") = "Assembly-CSharp-firstpass", "Assembly-CSharp-firstpass.csproj", "{03920fca-2773-1616-b5ce-cb9276de8cd8}"
EndProject
Project("{FAE04EC0-301F-11D3-BF4B-00C04F79EFBC}") = "HeathenEngineering.UX", "HeathenEngineering.UX.csproj", "{005a49f2-e229-eaca-8efa-626b6b788423}"
EndProject
Project("{FAE04EC0-301F-11D3-BF4B-00C04F79EFBC}") = "Assembly-CSharp-Editor-firstpass", "Assembly-CSharp-Editor-firstpass.csproj", "{17b41829-f087-9c34-08fa-addf6c582e1f}"
EndProject
Global
	GlobalSection(SolutionConfigurationPlatforms) = preSolution
		Debug|Any CPU = Debug|Any CPU
	EndGlobalSection
	GlobalSection(ProjectConfigurationPlatforms) = postSolution
		{5742f7d0-b2f6-eadc-fc51-aa11c694d4b0}.Debug|Any CPU.ActiveCfg = Debug|Any CPU
		{5742f7d0-b2f6-eadc-fc51-aa11c694d4b0}.Debug|Any CPU.Build.0 = Debug|Any CPU
		{03920fca-2773-1616-b5ce-cb9276de8cd8}.Debug|Any CPU.ActiveCfg = Debug|Any CPU
		{03920fca-2773-1616-b5ce-cb9276de8cd8}.Debug|Any CPU.Build.0 = Debug|Any CPU
		{005a49f2-e229-eaca-8efa-626b6b788423}.Debug|Any CPU.ActiveCfg = Debug|Any CPU
		{005a49f2-e229-eaca-8efa-626b6b788423}.Debug|Any CPU.Build.0 = Debug|Any CPU
		{17b41829-f087-9c34-08fa-addf6c582e1f}.Debug|Any CPU.ActiveCfg = Debug|Any CPU
		{17b41829-f087-9c34-08fa-addf6c582e1f}.Debug|Any CPU.Build.0 = Debug|Any CPU
	EndGlobalSection
	GlobalSection(SolutionProperties) = preSolution
		HideSolutionNode = FALSE
	EndGlobalSection
EndGlobal
